<?xml version="1.0" encoding="utf-8"?>
<Project ToolsVersion="4.0" xmlns="http://schemas.microsoft.com/developer/msbuild/2003">
  <ItemGroup>
    <Filter Include="win32">
      <UniqueIdentifier>{84a8ebd7-7cf0-47f6-b75e-d441df67da40}</UniqueIdentifier>
    </Filter>
    <Filter Include="resource">
      <UniqueIdentifier>{715254bc-d70b-4ec5-bf29-467dd3ace079}</UniqueIdentifier>
    </Filter>
    <Filter Include="src">
      <UniqueIdentifier>{bb6c862e-70e9-49d9-81b7-3829a6f50471}</UniqueIdentifier>
    </Filter>
    <Filter Include="src\App">
      <UniqueIdentifier>{b58edb18-69ca-4010-98ca-7ee275901d06}</UniqueIdentifier>
    </Filter>
    <Filter Include="src\Objects">
      <UniqueIdentifier>{a8167388-b734-4057-b8cd-28c8422ed0f9}</UniqueIdentifier>
    </Filter>
    <Filter Include="src\Scenes">
      <UniqueIdentifier>{6ddd96cc-4e90-419f-b3de-25370df54088}</UniqueIdentifier>
    </Filter>
    <Filter Include="src\Constants">
      <UniqueIdentifier>{32124b7b-4f4c-4a33-8087-313ea3b2c509}</UniqueIdentifier>
    </Filter>
    <Filter Include="src\JSONlib">
      <UniqueIdentifier>{d58bf85e-1a7f-49d1-b877-e706cfd6a2ef}</UniqueIdentifier>
    </Filter>
  </ItemGroup>
  <ItemGroup>
    <ClCompile Include="main.cpp">
      <Filter>win32</Filter>
    </ClCompile>
    <ClCompile Include="..\Classes\AppDelegate.cpp">
      <Filter>src\App</Filter>
    </ClCompile>
    <ClCompile Include="..\Classes\BackGround.cpp">
      <Filter>src\Objects</Filter>
    </ClCompile>
    <ClCompile Include="..\Classes\HelloWorldScene.cpp">
      <Filter>src\Scenes</Filter>
    </ClCompile>
    <ClCompile Include="..\Classes\MainMenuScene.cpp">
      <Filter>src\Scenes</Filter>
    </ClCompile>
    <ClCompile Include="..\Classes\StatisticsScene.cpp">
      <Filter>src\Scenes</Filter>
    </ClCompile>
    <ClCompile Include="..\Classes\GameScene.cpp">
      <Filter>src\Scenes</Filter>
    </ClCompile>
    <ClCompile Include="..\Classes\Bomb.cpp">
      <Filter>src\Objects</Filter>
    </ClCompile>
    <ClCompile Include="..\Classes\AirPLane.cpp">
      <Filter>src\Objects</Filter>
    </ClCompile>
    <ClCompile Include="..\Classes\Ship.cpp">
      <Filter>src\Objects</Filter>
    </ClCompile>
    <ClCompile Include="..\Classes\Constants.cpp">
      <Filter>src\Constants</Filter>
    </ClCompile>
    <ClCompile Include="..\Classes\json11.cpp">
      <Filter>src\JSONlib</Filter>
    </ClCompile>
    <ClCompile Include="..\Classes\CSequenceOfMine.cpp">
      <Filter>src\Objects</Filter>
    </ClCompile>
    <ClCompile Include="..\Classes\Carriage.cpp">
      <Filter>src\Objects</Filter>
    </ClCompile>
    <ClCompile Include="..\Classes\SequenceOfCarriage.cpp">
      <Filter>src\Objects</Filter>
    </ClCompile>
  </ItemGroup>
  <ItemGroup>
    <ClInclude Include="main.h">
      <Filter>win32</Filter>
    </ClInclude>
    <ClInclude Include="..\Classes\AppDelegate.h">
      <Filter>src\App</Filter>
    </ClInclude>
    <ClInclude Include="..\Classes\BackGround.h">
      <Filter>src\Objects</Filter>
    </ClInclude>
    <ClInclude Include="..\Classes\HelloWorldScene.h">
      <Filter>src\Scenes</Filter>
    </ClInclude>
    <ClInclude Include="..\Classes\MainMenuScene.h">
      <Filter>src\Scenes</Filter>
    </ClInclude>
    <ClInclude Include="..\Classes\StatisticsScene.h">
      <Filter>src\Scenes</Filter>
    </ClInclude>
    <ClInclude Include="..\Classes\GameScene.h">
      <Filter>src\Scenes</Filter>
    </ClInclude>
    <ClInclude Include="..\Classes\Bomb.h">
      <Filter>src\Objects</Filter>
    </ClInclude>
    <ClInclude Include="Point.h">
      <Filter>src\Objects</Filter>
    </ClInclude>
    <ClInclude Include="..\Classes\AirPLane.h">
      <Filter>src\Objects</Filter>
    </ClInclude>
    <ClInclude Include="..\Classes\Ship.h">
      <Filter>src\Objects</Filter>
    </ClInclude>
    <ClInclude Include="..\Classes\Constants.h">
      <Filter>src\Constants</Filter>
    </ClInclude>
    <ClInclude Include="..\Classes\json11.hpp">
      <Filter>src\JSONlib</Filter>
    </ClInclude>
    <ClInclude Include="..\Classes\CSequenceOfMine.h">
      <Filter>src\Objects</Filter>
    </ClInclude>
    <ClInclude Include="SequenceOfCarriage.h">
      <Filter>src\Objects</Filter>
    </ClInclude>
    <ClInclude Include="..\Classes\Carriage.h">
      <Filter>src\Objects</Filter>
    </ClInclude>
  </ItemGroup>
  <ItemGroup>
    <ResourceCompile Include="game.rc">
      <Filter>resource</Filter>
    </ResourceCompile>
  </ItemGroup>
</Project>